
Microsoft Visual Studio Solution File, Format Version 12.00
Project("{2150E333-8FDC-42A3-9474-1A3956D46DE8}") = "src", "src", "{48DD0448-F429-42C2-9328-A9C365FA1729}"
EndProject
Project("{2150E333-8FDC-42A3-9474-1A3956D46DE8}") = "test", "test", "{8CD41D2E-FF6F-4B82-95DF-41B3BC6CCAFC}"
EndProject
Project("{2150E333-8FDC-42A3-9474-1A3956D46DE8}") = "sample", "sample", "{F5873259-6317-4E2E-935E-DE9D80EB99F0}"
EndProject
Project("{FAE04EC0-301F-11D3-BF4B-00C04F79EFBC}") = "Rydo.Storage", "src\Rydo.Storage\Rydo.Storage.csproj", "{E3006EAD-EB34-4BC1-8880-E9461313C933}"
EndProject
Project("{FAE04EC0-301F-11D3-BF4B-00C04F79EFBC}") = "Rydo.Storage.UnitTest", "test\Rydo.Storage.UnitTest\Rydo.Storage.UnitTest.csproj", "{E52749FB-3C59-45DB-8337-87966DCF5F19}"
EndProject
Project("{FAE04EC0-301F-11D3-BF4B-00C04F79EFBC}") = "Rydo.Storage.Sample.Api", "sample\Rydo.Storage.Sample.Api\Rydo.Storage.Sample.Api.csproj", "{23B73B9D-E131-4C61-AFEC-EDE52618EE41}"
EndProject
Project("{FAE04EC0-301F-11D3-BF4B-00C04F79EFBC}") = "Rydo.Storage.Sample.Core", "sample\Rydo.Storage.Sample.Core\Rydo.Storage.Sample.Core.csproj", "{C26994D7-C9EE-414B-841D-62C675B4B7B0}"
EndProject
Project("{FAE04EC0-301F-11D3-BF4B-00C04F79EFBC}") = "Rydo.Storage.Redis", "src\Rydo.Storage.Redis\Rydo.Storage.Redis.csproj", "{855DC91D-7880-4D1E-ADE7-448CD573EF88}"
EndProject
Project("{FAE04EC0-301F-11D3-BF4B-00C04F79EFBC}") = "Rydo.Storage.DynamoDB", "src\Rydo.Storage.DynamoDB\Rydo.Storage.DynamoDB.csproj", "{D2B9E066-84A8-45B3-8C5A-41B5706298E2}"
EndProject
Project("{FAE04EC0-301F-11D3-BF4B-00C04F79EFBC}") = "Rydo.Storage.MongoDb", "src\Rydo.Storage.MongoDb\Rydo.Storage.MongoDb.csproj", "{D75DD604-D7AE-4806-8415-102EC7F20F56}"
EndProject
Project("{FAE04EC0-301F-11D3-BF4B-00C04F79EFBC}") = "Rydo.Storage.Sample.Core.UnitTest", "test\Rydo.Storage.Sample.Core.UnitTest\Rydo.Storage.Sample.Core.UnitTest.csproj", "{43E1D2DC-24CF-4A1A-B97A-A22CD19C13E5}"
EndProject
Project("{2150E333-8FDC-42A3-9474-1A3956D46DE8}") = "benchmark", "benchmark", "{94E0E514-7729-4E02-BC0C-D7AC6095E25D}"
EndProject
Project("{FAE04EC0-301F-11D3-BF4B-00C04F79EFBC}") = "Rydo.Storage.Benchmark", "benchmark\Rydo.Storage.Benchmark\Rydo.Storage.Benchmark.csproj", "{5BB46379-772D-4B17-8724-D11476B0864C}"
EndProject
Global
	GlobalSection(SolutionConfigurationPlatforms) = preSolution
		Debug|Any CPU = Debug|Any CPU
		Release|Any CPU = Release|Any CPU
	EndGlobalSection
	GlobalSection(NestedProjects) = preSolution
		{E3006EAD-EB34-4BC1-8880-E9461313C933} = {48DD0448-F429-42C2-9328-A9C365FA1729}
		{E52749FB-3C59-45DB-8337-87966DCF5F19} = {8CD41D2E-FF6F-4B82-95DF-41B3BC6CCAFC}
		{23B73B9D-E131-4C61-AFEC-EDE52618EE41} = {F5873259-6317-4E2E-935E-DE9D80EB99F0}
		{C26994D7-C9EE-414B-841D-62C675B4B7B0} = {F5873259-6317-4E2E-935E-DE9D80EB99F0}
		{855DC91D-7880-4D1E-ADE7-448CD573EF88} = {48DD0448-F429-42C2-9328-A9C365FA1729}
		{D2B9E066-84A8-45B3-8C5A-41B5706298E2} = {48DD0448-F429-42C2-9328-A9C365FA1729}
		{D75DD604-D7AE-4806-8415-102EC7F20F56} = {48DD0448-F429-42C2-9328-A9C365FA1729}
		{43E1D2DC-24CF-4A1A-B97A-A22CD19C13E5} = {8CD41D2E-FF6F-4B82-95DF-41B3BC6CCAFC}
		{5BB46379-772D-4B17-8724-D11476B0864C} = {94E0E514-7729-4E02-BC0C-D7AC6095E25D}
	EndGlobalSection
	GlobalSection(ProjectConfigurationPlatforms) = postSolution
		{E3006EAD-EB34-4BC1-8880-E9461313C933}.Debug|Any CPU.ActiveCfg = Debug|Any CPU
		{E3006EAD-EB34-4BC1-8880-E9461313C933}.Debug|Any CPU.Build.0 = Debug|Any CPU
		{E3006EAD-EB34-4BC1-8880-E9461313C933}.Release|Any CPU.ActiveCfg = Release|Any CPU
		{E3006EAD-EB34-4BC1-8880-E9461313C933}.Release|Any CPU.Build.0 = Release|Any CPU
		{E52749FB-3C59-45DB-8337-87966DCF5F19}.Debug|Any CPU.ActiveCfg = Debug|Any CPU
		{E52749FB-3C59-45DB-8337-87966DCF5F19}.Debug|Any CPU.Build.0 = Debug|Any CPU
		{E52749FB-3C59-45DB-8337-87966DCF5F19}.Release|Any CPU.ActiveCfg = Release|Any CPU
		{E52749FB-3C59-45DB-8337-87966DCF5F19}.Release|Any CPU.Build.0 = Release|Any CPU
		{23B73B9D-E131-4C61-AFEC-EDE52618EE41}.Debug|Any CPU.ActiveCfg = Debug|Any CPU
		{23B73B9D-E131-4C61-AFEC-EDE52618EE41}.Debug|Any CPU.Build.0 = Debug|Any CPU
		{23B73B9D-E131-4C61-AFEC-EDE52618EE41}.Release|Any CPU.ActiveCfg = Release|Any CPU
		{23B73B9D-E131-4C61-AFEC-EDE52618EE41}.Release|Any CPU.Build.0 = Release|Any CPU
		{C26994D7-C9EE-414B-841D-62C675B4B7B0}.Debug|Any CPU.ActiveCfg = Debug|Any CPU
		{C26994D7-C9EE-414B-841D-62C675B4B7B0}.Debug|Any CPU.Build.0 = Debug|Any CPU
		{C26994D7-C9EE-414B-841D-62C675B4B7B0}.Release|Any CPU.ActiveCfg = Release|Any CPU
		{C26994D7-C9EE-414B-841D-62C675B4B7B0}.Release|Any CPU.Build.0 = Release|Any CPU
		{855DC91D-7880-4D1E-ADE7-448CD573EF88}.Debug|Any CPU.ActiveCfg = Debug|Any CPU
		{855DC91D-7880-4D1E-ADE7-448CD573EF88}.Debug|Any CPU.Build.0 = Debug|Any CPU
		{855DC91D-7880-4D1E-ADE7-448CD573EF88}.Release|Any CPU.ActiveCfg = Release|Any CPU
		{855DC91D-7880-4D1E-ADE7-448CD573EF88}.Release|Any CPU.Build.0 = Release|Any CPU
		{D2B9E066-84A8-45B3-8C5A-41B5706298E2}.Debug|Any CPU.ActiveCfg = Debug|Any CPU
		{D2B9E066-84A8-45B3-8C5A-41B5706298E2}.Debug|Any CPU.Build.0 = Debug|Any CPU
		{D2B9E066-84A8-45B3-8C5A-41B5706298E2}.Release|Any CPU.ActiveCfg = Release|Any CPU
		{D2B9E066-84A8-45B3-8C5A-41B5706298E2}.Release|Any CPU.Build.0 = Release|Any CPU
		{D75DD604-D7AE-4806-8415-102EC7F20F56}.Debug|Any CPU.ActiveCfg = Debug|Any CPU
		{D75DD604-D7AE-4806-8415-102EC7F20F56}.Debug|Any CPU.Build.0 = Debug|Any CPU
		{D75DD604-D7AE-4806-8415-102EC7F20F56}.Release|Any CPU.ActiveCfg = Release|Any CPU
		{D75DD604-D7AE-4806-8415-102EC7F20F56}.Release|Any CPU.Build.0 = Release|Any CPU
		{43E1D2DC-24CF-4A1A-B97A-A22CD19C13E5}.Debug|Any CPU.ActiveCfg = Debug|Any CPU
		{43E1D2DC-24CF-4A1A-B97A-A22CD19C13E5}.Debug|Any CPU.Build.0 = Debug|Any CPU
		{43E1D2DC-24CF-4A1A-B97A-A22CD19C13E5}.Release|Any CPU.ActiveCfg = Release|Any CPU
		{43E1D2DC-24CF-4A1A-B97A-A22CD19C13E5}.Release|Any CPU.Build.0 = Release|Any CPU
		{5BB46379-772D-4B17-8724-D11476B0864C}.Debug|Any CPU.ActiveCfg = Debug|Any CPU
		{5BB46379-772D-4B17-8724-D11476B0864C}.Debug|Any CPU.Build.0 = Debug|Any CPU
		{5BB46379-772D-4B17-8724-D11476B0864C}.Release|Any CPU.ActiveCfg = Release|Any CPU
		{5BB46379-772D-4B17-8724-D11476B0864C}.Release|Any CPU.Build.0 = Release|Any CPU
	EndGlobalSection
EndGlobal
